
Microsoft Visual Studio Solution File, Format Version 12.00
# Visual Studio 15
VisualStudioVersion = 15.0.28307.1082
MinimumVisualStudioVersion = 10.0.40219.1
Project("{FAE04EC0-301F-11D3-BF4B-00C04F79EFBC}") = "NDP_Proje", "NDP_Proje.csproj", "{9346553E-9989-420D-A7A3-709978CA2DB6}"
EndProject
Global
	GlobalSection(SolutionConfigurationPlatforms) = preSolution
		Debug|Any CPU = Debug|Any CPU
		Release|Any CPU = Release|Any CPU
	EndGlobalSection
	GlobalSection(ProjectConfigurationPlatforms) = postSolution
		{9346553E-9989-420D-A7A3-709978CA2DB6}.Debug|Any CPU.ActiveCfg = Debug|Any CPU
		{9346553E-9989-420D-A7A3-709978CA2DB6}.Debug|Any CPU.Build.0 = Debug|Any CPU
		{9346553E-9989-420D-A7A3-709978CA2DB6}.Release|Any CPU.ActiveCfg = Release|Any CPU
		{9346553E-9989-420D-A7A3-709978CA2DB6}.Release|Any CPU.Build.0 = Release|Any CPU
	EndGlobalSection
	GlobalSection(SolutionProperties) = preSolution
		HideSolutionNode = FALSE
	EndGlobalSection
	GlobalSection(ExtensibilityGlobals) = postSolution
		SolutionGuid = {0831EE11-B77A-4B88-8E66-619837DF3192}
	EndGlobalSection
EndGlobal
